
Microsoft Visual Studio Solution File, Format Version 12.00
# Visual Studio Version 17
VisualStudioVersion = 17.5.002.0
MinimumVisualStudioVersion = 10.0.40219.1
Project("{9A19103F-16F7-4668-BE54-9A1E7A4F7556}") = "TripSplitDemo", "TripSplitDemo.csproj", "{AE967A8D-EFE6-4BE6-A76B-50B6B345E29B}"
EndProject
Global
	GlobalSection(SolutionConfigurationPlatforms) = preSolution
		Debug|Any CPU = Debug|Any CPU
		Release|Any CPU = Release|Any CPU
	EndGlobalSection
	GlobalSection(ProjectConfigurationPlatforms) = postSolution
		{AE967A8D-EFE6-4BE6-A76B-50B6B345E29B}.Debug|Any CPU.ActiveCfg = Debug|Any CPU
		{AE967A8D-EFE6-4BE6-A76B-50B6B345E29B}.Debug|Any CPU.Build.0 = Debug|Any CPU
		{AE967A8D-EFE6-4BE6-A76B-50B6B345E29B}.Release|Any CPU.ActiveCfg = Release|Any CPU
		{AE967A8D-EFE6-4BE6-A76B-50B6B345E29B}.Release|Any CPU.Build.0 = Release|Any CPU
	EndGlobalSection
	GlobalSection(SolutionProperties) = preSolution
		HideSolutionNode = FALSE
	EndGlobalSection
	GlobalSection(ExtensibilityGlobals) = postSolution
		SolutionGuid = {7A3BA5BF-6224-4C4A-849F-1FF117AED5E9}
	EndGlobalSection
EndGlobal
